
Microsoft Visual Studio Solution File, Format Version 12.00
# Visual Studio Version 17
VisualStudioVersion = 17.10.35027.167
MinimumVisualStudioVersion = 10.0.40219.1
Project("{9A19103F-16F7-4668-BE54-9A1E7A4F7556}") = "RazorPagesGeneral", "RazorPagesGeneral\RazorPagesGeneral.csproj", "{BE3A0C83-FA9D-438C-A538-4EB0E4B164E1}"
EndProject
Project("{9A19103F-16F7-4668-BE54-9A1E7A4F7556}") = "MovieLibrary", "MovieLibrary\MovieLibrary.csproj", "{FEB4A086-F4EB-44A1-A531-A09614A2ADB5}"
EndProject
Global
	GlobalSection(SolutionConfigurationPlatforms) = preSolution
		Debug|Any CPU = Debug|Any CPU
		Release|Any CPU = Release|Any CPU
	EndGlobalSection
	GlobalSection(ProjectConfigurationPlatforms) = postSolution
		{BE3A0C83-FA9D-438C-A538-4EB0E4B164E1}.Debug|Any CPU.ActiveCfg = Debug|Any CPU
		{BE3A0C83-FA9D-438C-A538-4EB0E4B164E1}.Debug|Any CPU.Build.0 = Debug|Any CPU
		{BE3A0C83-FA9D-438C-A538-4EB0E4B164E1}.Release|Any CPU.ActiveCfg = Release|Any CPU
		{BE3A0C83-FA9D-438C-A538-4EB0E4B164E1}.Release|Any CPU.Build.0 = Release|Any CPU
		{FEB4A086-F4EB-44A1-A531-A09614A2ADB5}.Debug|Any CPU.ActiveCfg = Debug|Any CPU
		{FEB4A086-F4EB-44A1-A531-A09614A2ADB5}.Debug|Any CPU.Build.0 = Debug|Any CPU
		{FEB4A086-F4EB-44A1-A531-A09614A2ADB5}.Release|Any CPU.ActiveCfg = Release|Any CPU
		{FEB4A086-F4EB-44A1-A531-A09614A2ADB5}.Release|Any CPU.Build.0 = Release|Any CPU
	EndGlobalSection
	GlobalSection(SolutionProperties) = preSolution
		HideSolutionNode = FALSE
	EndGlobalSection
	GlobalSection(ExtensibilityGlobals) = postSolution
		SolutionGuid = {016786ED-936F-424A-9EF1-B627496F804B}
	EndGlobalSection
EndGlobal
